// !$*UTF8*$!
{
	archiveVersion = 1;
	classes = {
	};
	objectVersion = 46;
	objects = {

/* Begin PBXBuildFile section */
		CBFD0C0C1D3F341F003947AA /* AppDelegate.swift in Sources */ = {isa = PBXBuildFile; fileRef = CBFD0C0B1D3F341F003947AA /* AppDelegate.swift */; };
		CBFD0C0E1D3F341F003947AA /* ViewController.swift in Sources */ = {isa = PBXBuildFile; fileRef = CBFD0C0D1D3F341F003947AA /* ViewController.swift */; };
		CBFD0C111D3F341F003947AA /* Main.storyboard in Resources */ = {isa = PBXBuildFile; fileRef = CBFD0C0F1D3F341F003947AA /* Main.storyboard */; };
		CBFD0C141D3F341F003947AA /* Hitlist_coreData1.xcdatamodeld in Sources */ = {isa = PBXBuildFile; fileRef = CBFD0C121D3F341F003947AA /* Hitlist_coreData1.xcdatamodeld */; };
		CBFD0C161D3F341F003947AA /* Assets.xcassets in Resources */ = {isa = PBXBuildFile; fileRef = CBFD0C151D3F341F003947AA /* Assets.xcassets */; };
		CBFD0C191D3F341F003947AA /* LaunchScreen.storyboard in Resources */ = {isa = PBXBuildFile; fileRef = CBFD0C171D3F341F003947AA /* LaunchScreen.storyboard */; };
/* End PBXBuildFile section */

/* Begin PBXFileReference section */
		CBFD0C081D3F341F003947AA /* Hitlist-coreData1.app */ = {isa = PBXFileReference; explicitFileType = wrapper.application; includeInIndex = 0; path = "Hitlist-coreData1.app"; sourceTree = BUILT_PRODUCTS_DIR; };
		CBFD0C0B1D3F341F003947AA /* AppDelegate.swift */ = {isa = PBXFileReference; lastKnownFileType = sourcecode.swift; path = AppDelegate.swift; sourceTree = "<group>"; };
		CBFD0C0D1D3F341F003947AA /* ViewController.swift */ = {isa = PBXFileReference; lastKnownFileType = sourcecode.swift; path = ViewController.swift; sourceTree = "<group>"; };
		CBFD0C101D3F341F003947AA /* Base */ = {isa = PBXFileReference; lastKnownFileType = file.storyboard; name = Base; path = Base.lproj/Main.storyboard; sourceTree = "<group>"; };
		CBFD0C131D3F341F003947AA /* Hitlist_coreData1.xcdatamodel */ = {isa = PBXFileReference; lastKnownFileType = wrapper.xcdatamodel; path = Hitlist_coreData1.xcdatamodel; sourceTree = "<group>"; };
		CBFD0C151D3F341F003947AA /* Assets.xcassets */ = {isa = PBXFileReference; lastKnownFileType = folder.assetcatalog; path = Assets.xcassets; sourceTree = "<group>"; };
		CBFD0C181D3F341F003947AA /* Base */ = {isa = PBXFileReference; lastKnownFileType = file.storyboard; name = Base; path = Base.lproj/LaunchScreen.storyboard; sourceTree = "<group>"; };
		CBFD0C1A1D3F341F003947AA /* Info.plist */ = {isa = PBXFileReference; lastKnownFileType = text.plist.xml; path = Info.plist; sourceTree = "<group>"; };
/* End PBXFileReference section */

/* Begin PBXFrameworksBuildPhase section */
		CBFD0C051D3F341F003947AA /* Frameworks */ = {
			isa = PBXFrameworksBuildPhase;
			buildActionMask = 2147483647;
			files = (
			);
			runOnlyForDeploymentPostprocessing = 0;
		};
/* End PBXFrameworksBuildPhase section */

/* Begin PBXGroup section */
		CBFD0BFF1D3F341F003947AA = {
			isa = PBXGroup;
			children = (
				CBFD0C0A1D3F341F003947AA /* Hitlist-coreData1 */,
				CBFD0C091D3F341F003947AA /* Products */,
			);
			sourceTree = "<group>";
		};
		CBFD0C091D3F341F003947AA /* Products */ = {
			isa = PBXGroup;
			children = (
				CBFD0C081D3F341F003947AA /* Hitlist-coreData1.app */,
			);
			name = Products;
			sourceTree = "<group>";
		};
		CBFD0C0A1D3F341F003947AA /* Hitlist-coreData1 */ = {
			isa = PBXGroup;
			children = (
				CBFD0C0B1D3F341F003947AA /* AppDelegate.swift */,
				CBFD0C0D1D3F341F003947AA /* ViewController.swift */,
				CBFD0C0F1D3F341F003947AA /* Main.storyboard */,
				CBFD0C151D3F341F003947AA /* Assets.xcassets */,
				CBFD0C171D3F341F003947AA /* LaunchScreen.storyboard */,
				CBFD0C1A1D3F341F003947AA /* Info.plist */,
				CBFD0C121D3F341F003947AA /* Hitlist_coreData1.xcdatamodeld */,
			);
			path = "Hitlist-coreData1";
			sourceTree = "<group>";
		};
/* End PBXGroup section */

/* Begin PBXNativeTarget section */
		CBFD0C071D3F341F003947AA /* Hitlist-coreData1 */ = {
			isa = PBXNativeTarget;
			buildConfigurationList = CBFD0C1D1D3F341F003947AA /* Build configuration list for PBXNativeTarget "Hitlist-coreData1" */;
			buildPhases = (
				CBFD0C041D3F341F003947AA /* Sources */,
				CBFD0C051D3F341F003947AA /* Frameworks */,
				CBFD0C061D3F341F003947AA /* Resources */,
			);
			buildRules = (
			);
			dependencies = (
			);
			name = "Hitlist-coreData1";
			productName = "Hitlist-coreData1";
			productReference = CBFD0C081D3F341F003947AA /* Hitlist-coreData1.app */;
			productType = "com.apple.product-type.application";
		};
/* End PBXNativeTarget section */

/* Begin PBXProject section */
		CBFD0C001D3F341F003947AA /* Project object */ = {
			isa = PBXProject;
			attributes = {
				LastSwiftUpdateCheck = 0730;
				LastUpgradeCheck = 0730;
				ORGANIZATIONNAME = "Faiyaz Ahmed";
				TargetAttributes = {
					CBFD0C071D3F341F003947AA = {
						CreatedOnToolsVersion = 7.3;
					};
				};
			};
			buildConfigurationList = CBFD0C031D3F341F003947AA /* Build configuration list for PBXProject "Hitlist-coreData1" */;
			compatibilityVersion = "Xcode 3.2";
			developmentRegion = English;
			hasScannedForEncodings = 0;
			knownRegions = (
				en,
				Base,
			);
			mainGroup = CBFD0BFF1D3F341F003947AA;
			productRefGroup = CBFD0C091D3F341F003947AA /* Products */;
			projectDirPath = "";
			projectRoot = "";
			targets = (
				CBFD0C071D3F341F003947AA /* Hitlist-coreData1 */,
			);
		};
/* End PBXProject section */

/* Begin PBXResourcesBuildPhase section */
		CBFD0C061D3F341F003947AA /* Resources */ = {
			isa = PBXResourcesBuildPhase;
			buildActionMask = 2147483647;
			files = (
				CBFD0C191D3F341F003947AA /* LaunchScreen.storyboard in Resources */,
				CBFD0C161D3F341F003947AA /* Assets.xcassets in Resources */,
				CBFD0C111D3F341F003947AA /* Main.storyboard in Resources */,
			);
			runOnlyForDeploymentPostprocessing = 0;
		};
/* End PBXResourcesBuildPhase section */

/* Begin PBXSourcesBuildPhase section */
		CBFD0C041D3F341F003947AA /* Sources */ = {
			isa = PBXSourcesBuildPhase;
			buildActionMask = 2147483647;
			files = (
				CBFD0C141D3F341F003947AA /* Hitlist_coreData1.xcdatamodeld in Sources */,
				CBFD0C0E1D3F341F003947AA /* ViewController.swift in Sources */,
				CBFD0C0C1D3F341F003947AA /* AppDelegate.swift in Sources */,
			);
			runOnlyForDeploymentPostprocessing = 0;
		};
/* End PBXSourcesBuildPhase section */

/* Begin PBXVariantGroup section */
		CBFD0C0F1D3F341F003947AA /* Main.storyboard */ = {
			isa = PBXVariantGroup;
			children = (
				CBFD0C101D3F341F003947AA /* Base */,
			);
			name = Main.storyboard;
			sourceTree = "<group>";
		};
		CBFD0C171D3F341F003947AA /* LaunchScreen.storyboard */ = {
			isa = PBXVariantGroup;
			children = (
				CBFD0C181D3F341F003947AA /* Base */,
			);
			name = LaunchScreen.storyboard;
			sourceTree = "<group>";
		};
/* End PBXVariantGroup section */

/* Begin XCBuildConfiguration section */
		CBFD0C1B1D3F341F003947AA /* Debug */ = {
			isa = XCBuildConfiguration;
			buildSettings = {
				ALWAYS_SEARCH_USER_PATHS = NO;
				CLANG_ANALYZER_NONNULL = YES;
				CLANG_CXX_LANGUAGE_STANDARD = "gnu++0x";
				CLANG_CXX_LIBRARY = "libc++";
				CLANG_ENABLE_MODULES = YES;
				CLANG_ENABLE_OBJC_ARC = YES;
				CLANG_WARN_BOOL_CONVERSION = YES;
				CLANG_WARN_CONSTANT_CONVERSION = YES;
				CLANG_WARN_DIRECT_OBJC_ISA_USAGE = YES_ERROR;
				CLANG_WARN_EMPTY_BODY = YES;
				CLANG_WARN_ENUM_CONVERSION = YES;
				CLANG_WARN_INT_CONVERSION = YES;
				CLANG_WARN_OBJC_ROOT_CLASS = YES_ERROR;
				CLANG_WARN_UNREACHABLE_CODE = YES;
				CLANG_WARN__DUPLICATE_METHOD_MATCH = YES;
				"CODE_SIGN_IDENTITY[sdk=iphoneos*]" = "iPhone Developer";
				COPY_PHASE_STRIP = NO;
				DEBUG_INFORMATION_FORMAT = dwarf;
				ENABLE_STRICT_OBJC_MSGSEND = YES;
				ENABLE_TESTABILITY = YES;
				GCC_C_LANGUAGE_STANDARD = gnu99;
				GCC_DYNAMIC_NO_PIC = NO;
				GCC_NO_COMMON_BLOCKS = YES;
				GCC_OPTIMIZATION_LEVEL = 0;
				GCC_PREPROCESSOR_DEFINITIONS = (
					"DEBUG=1",
					"$(inherited)",
				);
				GCC_WARN_64_TO_32_BIT_CONVERSION = YES;
				GCC_WARN_ABOUT_RETURN_TYPE = YES_ERROR;
				GCC_WARN_UNDECLARED_SELECTOR = YES;
				GCC_WARN_UNINITIALIZED_AUTOS = YES_AGGRESSIVE;
				GCC_WARN_UNUSED_FUNCTION = YES;
				GCC_WARN_UNUSED_VARIABLE = YES;
				IPHONEOS_DEPLOYMENT_TARGET = 9.3;
				MTL_ENABLE_DEBUG_INFO = YES;
				ONLY_ACTIVE_ARCH = YES;
				SDKROOT = iphoneos;
				SWIFT_OPTIMIZATION_LEVEL = "-Onone";
			};
			name = Debug;
		};
		CBFD0C1C1D3F341F003947AA /* Release */ = {
			isa = XCBuildConfiguration;
			buildSettings = {
				ALWAYS_SEARCH_USER_PATHS = NO;
				CLANG_ANALYZER_NONNULL = YES;
				CLANG_CXX_LANGUAGE_STANDARD = "gnu++0x";
				CLANG_CXX_LIBRARY = "libc++";
				CLANG_ENABLE_MODULES = YES;
				CLANG_ENABLE_OBJC_ARC = YES;
				CLANG_WARN_BOOL_CONVERSION = YES;
				CLANG_WARN_CONSTANT_CONVERSION = YES;
				CLANG_WARN_DIRECT_OBJC_ISA_USAGE = YES_ERROR;
				CLANG_WARN_EMPTY_BODY = YES;
				CLANG_WARN_ENUM_CONVERSION = YES;
				CLANG_WARN_INT_CONVERSION = YES;
				CLANG_WARN_OBJC_ROOT_CLASS = YES_ERROR;
				CLANG_WARN_UNREACHABLE_CODE = YES;
				CLANG_WARN__DUPLICATE_METHOD_MATCH = YES;
				"CODE_SIGN_IDENTITY[sdk=iphoneos*]" = "iPhone Developer";
				COPY_PHASE_STRIP = NO;
				DEBUG_INFORMATION_FORMAT = "dwarf-with-dsym";
				ENABLE_NS_ASSERTIONS = NO;
				ENABLE_STRICT_OBJC_MSGSEND = YES;
				GCC_C_LANGUAGE_STANDARD = gnu99;
				GCC_NO_COMMON_BLOCKS = YES;
				GCC_WARN_64_TO_32_BIT_CONVERSION = YES;
				GCC_WARN_ABOUT_RETURN_TYPE = YES_ERROR;
				GCC_WARN_UNDECLARED_SELECTOR = YES;
				GCC_WARN_UNINITIALIZED_AUTOS = YES_AGGRESSIVE;
				GCC_WARN_UNUSED_FUNCTION = YES;
				GCC_WARN_UNUSED_VARIABLE = YES;
				IPHONEOS_DEPLOYMENT_TARGET = 9.3;
				MTL_ENABLE_DEBUG_INFO = NO;
				SDKROOT = iphoneos;
				VALIDATE_PRODUCT = YES;
			};
			name = Release;
		};
		CBFD0C1E1D3F341F003947AA /* Debug */ = {
			isa = XCBuildConfiguration;
			buildSettings = {
				ASSETCATALOG_COMPILER_APPICON_NAME = AppIcon;
				INFOPLIST_FILE = "Hitlist-coreData1/Info.plist";
				LD_RUNPATH_SEARCH_PATHS = "$(inherited) @executable_path/Frameworks";
				PRODUCT_BUNDLE_IDENTIFIER = "office-work.Hitlist-coreData1";
				PRODUCT_NAME = "$(TARGET_NAME)";
			};
			name = Debug;
		};
		CBFD0C1F1D3F341F003947AA /* Release */ = {
			isa = XCBuildConfiguration;
			buildSettings = {
				ASSETCATALOG_COMPILER_APPICON_NAME = AppIcon;
				INFOPLIST_FILE = "Hitlist-coreData1/Info.plist";
				LD_RUNPATH_SEARCH_PATHS = "$(inherited) @executable_path/Frameworks";
				PRODUCT_BUNDLE_IDENTIFIER = "office-work.Hitlist-coreData1";
				PRODUCT_NAME = "$(TARGET_NAME)";
			};
			name = Release;
		};
/* End XCBuildConfiguration section */

/* Begin XCConfigurationList section */
		CBFD0C031D3F341F003947AA /* Build configuration list for PBXProject "Hitlist-coreData1" */ = {
			isa = XCConfigurationList;
			buildConfigurations = (
				CBFD0C1B1D3F341F003947AA /* Debug */,
				CBFD0C1C1D3F341F003947AA /* Release */,
			);
			defaultConfigurationIsVisible = 0;
			defaultConfigurationName = Release;
		};
		CBFD0C1D1D3F341F003947AA /* Build configuration list for PBXNativeTarget "Hitlist-coreData1" */ = {
			isa = XCConfigurationList;
			buildConfigurations = (
				CBFD0C1E1D3F341F003947AA /* Debug */,
				CBFD0C1F1D3F341F003947AA /* Release */,
			);
			defaultConfigurationIsVisible = 0;
		};
/* End XCConfigurationList section */

/* Begin XCVersionGroup section */
		CBFD0C121D3F341F003947AA /* Hitlist_coreData1.xcdatamodeld */ = {
			isa = XCVersionGroup;
			children = (
				CBFD0C131D3F341F003947AA /* Hitlist_coreData1.xcdatamodel */,
			);
			currentVersion = CBFD0C131D3F341F003947AA /* Hitlist_coreData1.xcdatamodel */;
			path = Hitlist_coreData1.xcdatamodeld;
			sourceTree = "<group>";
			versionGroupType = wrapper.xcdatamodel;
		};
/* End XCVersionGroup section */
	};
	rootObject = CBFD0C001D3F341F003947AA /* Project object */;
}
